
Microsoft Visual Studio Solution File, Format Version 12.00
# Visual Studio Version 17
VisualStudioVersion = 17.5.002.0
MinimumVisualStudioVersion = 10.0.40219.1
Project("{9A19103F-16F7-4668-BE54-9A1E7A4F7556}") = "ZADACHA10", "ZADACHA10.csproj", "{A9B5E604-5216-47DB-A8E2-D72D547B1E0E}"
EndProject
Global
	GlobalSection(SolutionConfigurationPlatforms) = preSolution
		Debug|Any CPU = Debug|Any CPU
		Release|Any CPU = Release|Any CPU
	EndGlobalSection
	GlobalSection(ProjectConfigurationPlatforms) = postSolution
		{A9B5E604-5216-47DB-A8E2-D72D547B1E0E}.Debug|Any CPU.ActiveCfg = Debug|Any CPU
		{A9B5E604-5216-47DB-A8E2-D72D547B1E0E}.Debug|Any CPU.Build.0 = Debug|Any CPU
		{A9B5E604-5216-47DB-A8E2-D72D547B1E0E}.Release|Any CPU.ActiveCfg = Release|Any CPU
		{A9B5E604-5216-47DB-A8E2-D72D547B1E0E}.Release|Any CPU.Build.0 = Release|Any CPU
	EndGlobalSection
	GlobalSection(SolutionProperties) = preSolution
		HideSolutionNode = FALSE
	EndGlobalSection
	GlobalSection(ExtensibilityGlobals) = postSolution
		SolutionGuid = {3A805D4D-D48D-4C6F-BC32-EA48B4A7992E}
	EndGlobalSection
EndGlobal
